
Microsoft Visual Studio Solution File, Format Version 12.00
# Visual Studio Version 17
VisualStudioVersion = 17.9.34723.18
MinimumVisualStudioVersion = 10.0.40219.1
Project("{8BC9CEB8-8B4A-11D0-8D11-00A0C91BC942}") = "test2", "test2.vcxproj", "{8AD85E1F-7B5C-4E9B-961C-70EFD5148613}"
EndProject
Project("{8BC9CEB8-8B4A-11D0-8D11-00A0C91BC942}") = "Project5", "..\Project5\Project5.vcxproj", "{5AE21A96-A8FC-4E92-8021-DD9D87AA2C12}"
EndProject
Project("{8BC9CEB8-8B4A-11D0-8D11-00A0C91BC942}") = "Project6", "..\Project6\Project6.vcxproj", "{E0838E8C-0C22-432A-BF5A-1FD4743C392E}"
EndProject
Global
	GlobalSection(SolutionConfigurationPlatforms) = preSolution
		Debug|x64 = Debug|x64
		Debug|x86 = Debug|x86
		Release|x64 = Release|x64
		Release|x86 = Release|x86
	EndGlobalSection
	GlobalSection(ProjectConfigurationPlatforms) = postSolution
		{8AD85E1F-7B5C-4E9B-961C-70EFD5148613}.Debug|x64.ActiveCfg = Debug|x64
		{8AD85E1F-7B5C-4E9B-961C-70EFD5148613}.Debug|x64.Build.0 = Debug|x64
		{8AD85E1F-7B5C-4E9B-961C-70EFD5148613}.Debug|x86.ActiveCfg = Debug|Win32
		{8AD85E1F-7B5C-4E9B-961C-70EFD5148613}.Debug|x86.Build.0 = Debug|Win32
		{8AD85E1F-7B5C-4E9B-961C-70EFD5148613}.Release|x64.ActiveCfg = Release|x64
		{8AD85E1F-7B5C-4E9B-961C-70EFD5148613}.Release|x64.Build.0 = Release|x64
		{8AD85E1F-7B5C-4E9B-961C-70EFD5148613}.Release|x86.ActiveCfg = Release|Win32
		{8AD85E1F-7B5C-4E9B-961C-70EFD5148613}.Release|x86.Build.0 = Release|Win32
		{5AE21A96-A8FC-4E92-8021-DD9D87AA2C12}.Debug|x64.ActiveCfg = Debug|x64
		{5AE21A96-A8FC-4E92-8021-DD9D87AA2C12}.Debug|x64.Build.0 = Debug|x64
		{5AE21A96-A8FC-4E92-8021-DD9D87AA2C12}.Debug|x86.ActiveCfg = Debug|Win32
		{5AE21A96-A8FC-4E92-8021-DD9D87AA2C12}.Debug|x86.Build.0 = Debug|Win32
		{5AE21A96-A8FC-4E92-8021-DD9D87AA2C12}.Release|x64.ActiveCfg = Release|x64
		{5AE21A96-A8FC-4E92-8021-DD9D87AA2C12}.Release|x64.Build.0 = Release|x64
		{5AE21A96-A8FC-4E92-8021-DD9D87AA2C12}.Release|x86.ActiveCfg = Release|Win32
		{5AE21A96-A8FC-4E92-8021-DD9D87AA2C12}.Release|x86.Build.0 = Release|Win32
		{E0838E8C-0C22-432A-BF5A-1FD4743C392E}.Debug|x64.ActiveCfg = Debug|x64
		{E0838E8C-0C22-432A-BF5A-1FD4743C392E}.Debug|x64.Build.0 = Debug|x64
		{E0838E8C-0C22-432A-BF5A-1FD4743C392E}.Debug|x86.ActiveCfg = Debug|Win32
		{E0838E8C-0C22-432A-BF5A-1FD4743C392E}.Debug|x86.Build.0 = Debug|Win32
		{E0838E8C-0C22-432A-BF5A-1FD4743C392E}.Release|x64.ActiveCfg = Release|x64
		{E0838E8C-0C22-432A-BF5A-1FD4743C392E}.Release|x64.Build.0 = Release|x64
		{E0838E8C-0C22-432A-BF5A-1FD4743C392E}.Release|x86.ActiveCfg = Release|Win32
		{E0838E8C-0C22-432A-BF5A-1FD4743C392E}.Release|x86.Build.0 = Release|Win32
	EndGlobalSection
	GlobalSection(SolutionProperties) = preSolution
		HideSolutionNode = FALSE
	EndGlobalSection
	GlobalSection(ExtensibilityGlobals) = postSolution
		SolutionGuid = {27A6032C-2712-4769-9A5C-E7AD7B5D2F3E}
	EndGlobalSection
EndGlobal
